
Microsoft Visual Studio Solution File, Format Version 12.00
# Visual Studio 2013
VisualStudioVersion = 12.0.31101.0
MinimumVisualStudioVersion = 10.0.40219.1
Project("{8BC9CEB8-8B4A-11D0-8D11-00A0C91BC942}") = "MindReader", "MindReader\MindReader.vcxproj", "{8AB6D1AE-BEAE-4F21-8274-E6D3A0F1471D}"
EndProject
Project("{8BC9CEB8-8B4A-11D0-8D11-00A0C91BC942}") = "mindreader.simple.tests", "tests.simple.mindreader\tests.simple.mindreader.vcxproj", "{25D257C1-977D-4CC1-A85C-E830FE0E4BD6}"
EndProject
Project("{8BC9CEB8-8B4A-11D0-8D11-00A0C91BC942}") = "ParserALU", "ALU\ALU.vcxproj", "{DEC7696F-DC8F-4F29-BAAD-3F6977862CB7}"
EndProject
Project("{8BC9CEB8-8B4A-11D0-8D11-00A0C91BC942}") = "parserAlu.simple.tests", "parserAlu.simple.tests\parserAlu.simple.tests.vcxproj", "{3D1F1975-398B-4228-9AE1-FBD894DF1822}"
EndProject
Project("{8BC9CEB8-8B4A-11D0-8D11-00A0C91BC942}") = "gtest", "gtest\gtest.vcxproj", "{ED1B1F47-0CD2-4433-AFAE-289EFE3B9E26}"
EndProject
Global
	GlobalSection(SolutionConfigurationPlatforms) = preSolution
		Debug|Win32 = Debug|Win32
		Release|Win32 = Release|Win32
	EndGlobalSection
	GlobalSection(ProjectConfigurationPlatforms) = postSolution
		{8AB6D1AE-BEAE-4F21-8274-E6D3A0F1471D}.Debug|Win32.ActiveCfg = Debug|Win32
		{8AB6D1AE-BEAE-4F21-8274-E6D3A0F1471D}.Debug|Win32.Build.0 = Debug|Win32
		{8AB6D1AE-BEAE-4F21-8274-E6D3A0F1471D}.Release|Win32.ActiveCfg = Release|Win32
		{8AB6D1AE-BEAE-4F21-8274-E6D3A0F1471D}.Release|Win32.Build.0 = Release|Win32
		{25D257C1-977D-4CC1-A85C-E830FE0E4BD6}.Debug|Win32.ActiveCfg = Debug|Win32
		{25D257C1-977D-4CC1-A85C-E830FE0E4BD6}.Debug|Win32.Build.0 = Debug|Win32
		{25D257C1-977D-4CC1-A85C-E830FE0E4BD6}.Release|Win32.ActiveCfg = Release|Win32
		{25D257C1-977D-4CC1-A85C-E830FE0E4BD6}.Release|Win32.Build.0 = Release|Win32
		{DEC7696F-DC8F-4F29-BAAD-3F6977862CB7}.Debug|Win32.ActiveCfg = Debug|Win32
		{DEC7696F-DC8F-4F29-BAAD-3F6977862CB7}.Debug|Win32.Build.0 = Debug|Win32
		{DEC7696F-DC8F-4F29-BAAD-3F6977862CB7}.Release|Win32.ActiveCfg = Release|Win32
		{DEC7696F-DC8F-4F29-BAAD-3F6977862CB7}.Release|Win32.Build.0 = Release|Win32
		{3D1F1975-398B-4228-9AE1-FBD894DF1822}.Debug|Win32.ActiveCfg = Debug|Win32
		{3D1F1975-398B-4228-9AE1-FBD894DF1822}.Debug|Win32.Build.0 = Debug|Win32
		{3D1F1975-398B-4228-9AE1-FBD894DF1822}.Release|Win32.ActiveCfg = Release|Win32
		{3D1F1975-398B-4228-9AE1-FBD894DF1822}.Release|Win32.Build.0 = Release|Win32
		{ED1B1F47-0CD2-4433-AFAE-289EFE3B9E26}.Debug|Win32.ActiveCfg = Debug|Win32
		{ED1B1F47-0CD2-4433-AFAE-289EFE3B9E26}.Debug|Win32.Build.0 = Debug|Win32
		{ED1B1F47-0CD2-4433-AFAE-289EFE3B9E26}.Release|Win32.ActiveCfg = Release|Win32
		{ED1B1F47-0CD2-4433-AFAE-289EFE3B9E26}.Release|Win32.Build.0 = Release|Win32
	EndGlobalSection
	GlobalSection(SolutionProperties) = preSolution
		HideSolutionNode = FALSE
	EndGlobalSection
EndGlobal
